
Microsoft Visual Studio Solution File, Format Version 12.00
# Visual Studio Version 17
VisualStudioVersion = 17.12.35707.178
MinimumVisualStudioVersion = 10.0.40219.1
Project("{FAE04EC0-301F-11D3-BF4B-00C04F79EFBC}") = "QB_Terms_CLI", "QB_Terms_CLI\QB_Terms_CLI.csproj", "{FD02FF3D-0753-4A92-B365-38F5A0918F27}"
EndProject
Project("{FAE04EC0-301F-11D3-BF4B-00C04F79EFBC}") = "QB_Terms_Lib", "QB_Terms_Lib\QB_Terms_Lib.csproj", "{4F0615C8-F47C-4ED5-A8AE-7827022B91A2}"
EndProject
Project("{FAE04EC0-301F-11D3-BF4B-00C04F79EFBC}") = "QB_Terms_Test", "QB_Terms_Test\QB_Terms_Test.csproj", "{D9088685-0DDB-44E7-996E-72F273DAC26E}"
EndProject
Global
	GlobalSection(SolutionConfigurationPlatforms) = preSolution
		Debug|Any CPU = Debug|Any CPU
		Debug|x64 = Debug|x64
		Debug|x86 = Debug|x86
		Release|Any CPU = Release|Any CPU
		Release|x64 = Release|x64
		Release|x86 = Release|x86
	EndGlobalSection
	GlobalSection(ProjectConfigurationPlatforms) = postSolution
		{FD02FF3D-0753-4A92-B365-38F5A0918F27}.Debug|Any CPU.ActiveCfg = Debug|x86
		{FD02FF3D-0753-4A92-B365-38F5A0918F27}.Debug|Any CPU.Build.0 = Debug|x86
		{FD02FF3D-0753-4A92-B365-38F5A0918F27}.Debug|x64.ActiveCfg = Debug|x64
		{FD02FF3D-0753-4A92-B365-38F5A0918F27}.Debug|x64.Build.0 = Debug|x64
		{FD02FF3D-0753-4A92-B365-38F5A0918F27}.Debug|x86.ActiveCfg = Debug|x86
		{FD02FF3D-0753-4A92-B365-38F5A0918F27}.Debug|x86.Build.0 = Debug|x86
		{FD02FF3D-0753-4A92-B365-38F5A0918F27}.Release|Any CPU.ActiveCfg = Release|Any CPU
		{FD02FF3D-0753-4A92-B365-38F5A0918F27}.Release|Any CPU.Build.0 = Release|Any CPU
		{FD02FF3D-0753-4A92-B365-38F5A0918F27}.Release|x64.ActiveCfg = Release|x64
		{FD02FF3D-0753-4A92-B365-38F5A0918F27}.Release|x64.Build.0 = Release|x64
		{FD02FF3D-0753-4A92-B365-38F5A0918F27}.Release|x86.ActiveCfg = Release|x86
		{FD02FF3D-0753-4A92-B365-38F5A0918F27}.Release|x86.Build.0 = Release|x86
		{4F0615C8-F47C-4ED5-A8AE-7827022B91A2}.Debug|Any CPU.ActiveCfg = Debug|Any CPU
		{4F0615C8-F47C-4ED5-A8AE-7827022B91A2}.Debug|Any CPU.Build.0 = Debug|Any CPU
		{4F0615C8-F47C-4ED5-A8AE-7827022B91A2}.Debug|x64.ActiveCfg = Debug|Any CPU
		{4F0615C8-F47C-4ED5-A8AE-7827022B91A2}.Debug|x64.Build.0 = Debug|Any CPU
		{4F0615C8-F47C-4ED5-A8AE-7827022B91A2}.Debug|x86.ActiveCfg = Debug|Any CPU
		{4F0615C8-F47C-4ED5-A8AE-7827022B91A2}.Debug|x86.Build.0 = Debug|Any CPU
		{4F0615C8-F47C-4ED5-A8AE-7827022B91A2}.Release|Any CPU.ActiveCfg = Release|Any CPU
		{4F0615C8-F47C-4ED5-A8AE-7827022B91A2}.Release|Any CPU.Build.0 = Release|Any CPU
		{4F0615C8-F47C-4ED5-A8AE-7827022B91A2}.Release|x64.ActiveCfg = Release|Any CPU
		{4F0615C8-F47C-4ED5-A8AE-7827022B91A2}.Release|x64.Build.0 = Release|Any CPU
		{4F0615C8-F47C-4ED5-A8AE-7827022B91A2}.Release|x86.ActiveCfg = Release|Any CPU
		{4F0615C8-F47C-4ED5-A8AE-7827022B91A2}.Release|x86.Build.0 = Release|Any CPU
		{D9088685-0DDB-44E7-996E-72F273DAC26E}.Debug|Any CPU.ActiveCfg = Debug|Any CPU
		{D9088685-0DDB-44E7-996E-72F273DAC26E}.Debug|Any CPU.Build.0 = Debug|Any CPU
		{D9088685-0DDB-44E7-996E-72F273DAC26E}.Debug|x64.ActiveCfg = Debug|Any CPU
		{D9088685-0DDB-44E7-996E-72F273DAC26E}.Debug|x64.Build.0 = Debug|Any CPU
		{D9088685-0DDB-44E7-996E-72F273DAC26E}.Debug|x86.ActiveCfg = Debug|Any CPU
		{D9088685-0DDB-44E7-996E-72F273DAC26E}.Debug|x86.Build.0 = Debug|Any CPU
		{D9088685-0DDB-44E7-996E-72F273DAC26E}.Release|Any CPU.ActiveCfg = Release|Any CPU
		{D9088685-0DDB-44E7-996E-72F273DAC26E}.Release|Any CPU.Build.0 = Release|Any CPU
		{D9088685-0DDB-44E7-996E-72F273DAC26E}.Release|x64.ActiveCfg = Release|Any CPU
		{D9088685-0DDB-44E7-996E-72F273DAC26E}.Release|x64.Build.0 = Release|Any CPU
		{D9088685-0DDB-44E7-996E-72F273DAC26E}.Release|x86.ActiveCfg = Release|Any CPU
		{D9088685-0DDB-44E7-996E-72F273DAC26E}.Release|x86.Build.0 = Release|Any CPU
	EndGlobalSection
	GlobalSection(SolutionProperties) = preSolution
		HideSolutionNode = FALSE
	EndGlobalSection
EndGlobal
